
Microsoft Visual Studio Solution File, Format Version 12.00
# Visual Studio 2015
Project("{FAE04EC0-301F-11D3-BF4B-00C04F79EFBC}") = "DoomUnity.CSharp.Plugins", "DoomUnity.CSharp.Plugins.csproj", "{EB94CDD6-86AD-50E3-3485-C4FF76093691}"
EndProject
Project("{FAE04EC0-301F-11D3-BF4B-00C04F79EFBC}") = "DoomUnity.CSharp", "DoomUnity.CSharp.csproj", "{5A219E62-2B4F-F0F0-960D-512046A2D18A}"
EndProject
Project("{FAE04EC0-301F-11D3-BF4B-00C04F79EFBC}") = "DoomUnity.CSharp.Editor.Plugins", "DoomUnity.CSharp.Editor.Plugins.csproj", "{A7EC1822-C3CC-688E-9E45-4FDAF309C115}"
EndProject
Global
	GlobalSection(SolutionConfigurationPlatforms) = preSolution
		Debug|Any CPU = Debug|Any CPU
		Release|Any CPU = Release|Any CPU
	EndGlobalSection
	GlobalSection(ProjectConfigurationPlatforms) = postSolution
		{EB94CDD6-86AD-50E3-3485-C4FF76093691}.Debug|Any CPU.ActiveCfg = Debug|Any CPU
		{EB94CDD6-86AD-50E3-3485-C4FF76093691}.Debug|Any CPU.Build.0 = Debug|Any CPU
		{EB94CDD6-86AD-50E3-3485-C4FF76093691}.Release|Any CPU.ActiveCfg = Release|Any CPU
		{EB94CDD6-86AD-50E3-3485-C4FF76093691}.Release|Any CPU.Build.0 = Release|Any CPU
		{5A219E62-2B4F-F0F0-960D-512046A2D18A}.Debug|Any CPU.ActiveCfg = Debug|Any CPU
		{5A219E62-2B4F-F0F0-960D-512046A2D18A}.Debug|Any CPU.Build.0 = Debug|Any CPU
		{5A219E62-2B4F-F0F0-960D-512046A2D18A}.Release|Any CPU.ActiveCfg = Release|Any CPU
		{5A219E62-2B4F-F0F0-960D-512046A2D18A}.Release|Any CPU.Build.0 = Release|Any CPU
		{A7EC1822-C3CC-688E-9E45-4FDAF309C115}.Debug|Any CPU.ActiveCfg = Debug|Any CPU
		{A7EC1822-C3CC-688E-9E45-4FDAF309C115}.Debug|Any CPU.Build.0 = Debug|Any CPU
		{A7EC1822-C3CC-688E-9E45-4FDAF309C115}.Release|Any CPU.ActiveCfg = Release|Any CPU
		{A7EC1822-C3CC-688E-9E45-4FDAF309C115}.Release|Any CPU.Build.0 = Release|Any CPU
	EndGlobalSection
	GlobalSection(SolutionProperties) = preSolution
		HideSolutionNode = FALSE
	EndGlobalSection
EndGlobal
